
Microsoft Visual Studio Solution File, Format Version 12.00
# Visual Studio Version 17
VisualStudioVersion = 17.3.32929.385
MinimumVisualStudioVersion = 10.0.40219.1
Project("{9A19103F-16F7-4668-BE54-9A1E7A4F7556}") = "MStest_Workstate2", "MStest_Workstate2\MStest_Workstate2.csproj", "{A9A1911D-B3F6-40A8-86AA-991C5F369E19}"
EndProject
Project("{FAE04EC0-301F-11D3-BF4B-00C04F79EFBC}") = "SpecFlowProject", "SpecFlowProject\SpecFlowProject.csproj", "{9E5CACF3-3097-4D03-93FA-D085C780DACC}"
EndProject
Global
	GlobalSection(SolutionConfigurationPlatforms) = preSolution
		Debug|Any CPU = Debug|Any CPU
		Release|Any CPU = Release|Any CPU
	EndGlobalSection
	GlobalSection(ProjectConfigurationPlatforms) = postSolution
		{A9A1911D-B3F6-40A8-86AA-991C5F369E19}.Debug|Any CPU.ActiveCfg = Debug|Any CPU
		{A9A1911D-B3F6-40A8-86AA-991C5F369E19}.Debug|Any CPU.Build.0 = Debug|Any CPU
		{A9A1911D-B3F6-40A8-86AA-991C5F369E19}.Release|Any CPU.ActiveCfg = Release|Any CPU
		{A9A1911D-B3F6-40A8-86AA-991C5F369E19}.Release|Any CPU.Build.0 = Release|Any CPU
		{9E5CACF3-3097-4D03-93FA-D085C780DACC}.Debug|Any CPU.ActiveCfg = Debug|Any CPU
		{9E5CACF3-3097-4D03-93FA-D085C780DACC}.Debug|Any CPU.Build.0 = Debug|Any CPU
		{9E5CACF3-3097-4D03-93FA-D085C780DACC}.Release|Any CPU.ActiveCfg = Release|Any CPU
		{9E5CACF3-3097-4D03-93FA-D085C780DACC}.Release|Any CPU.Build.0 = Release|Any CPU
	EndGlobalSection
	GlobalSection(SolutionProperties) = preSolution
		HideSolutionNode = FALSE
	EndGlobalSection
	GlobalSection(ExtensibilityGlobals) = postSolution
		SolutionGuid = {962A6796-EC19-401F-A9C8-A52C538ACD8A}
	EndGlobalSection
EndGlobal
